
Microsoft Visual Studio Solution File, Format Version 12.00
# Visual Studio Version 17
VisualStudioVersion = 17.7.34031.279
MinimumVisualStudioVersion = 10.0.40219.1
Project("{FAE04EC0-301F-11D3-BF4B-00C04F79EFBC}") = "Hotel Management System", "Hotel Management System.csproj", "{B59AD730-A961-4C30-B62D-4E576308331E}"
EndProject
Global
	GlobalSection(SolutionConfigurationPlatforms) = preSolution
		Debug|Any CPU = Debug|Any CPU
		Release|Any CPU = Release|Any CPU
	EndGlobalSection
	GlobalSection(ProjectConfigurationPlatforms) = postSolution
		{B59AD730-A961-4C30-B62D-4E576308331E}.Debug|Any CPU.ActiveCfg = Debug|Any CPU
		{B59AD730-A961-4C30-B62D-4E576308331E}.Debug|Any CPU.Build.0 = Debug|Any CPU
		{B59AD730-A961-4C30-B62D-4E576308331E}.Release|Any CPU.ActiveCfg = Release|Any CPU
		{B59AD730-A961-4C30-B62D-4E576308331E}.Release|Any CPU.Build.0 = Release|Any CPU
	EndGlobalSection
	GlobalSection(SolutionProperties) = preSolution
		HideSolutionNode = FALSE
	EndGlobalSection
	GlobalSection(ExtensibilityGlobals) = postSolution
		SolutionGuid = {4CC4F95E-5E63-4CD7-A27C-BDC4129F8C4A}
	EndGlobalSection
EndGlobal
